PODS:
  - Anon/Core (408.11.2)
  - Anon/CTor (408.11.2):
    - Anon/Core
  - Anon/GeoIP (408.11.2):
    - Anon/CTor

DEPENDENCIES:
  - Anon/GeoIP (from `../`)

EXTERNAL SOURCES:
  Anon:
    :path: "../"

SPEC CHECKSUMS:
  Anon: 3eea51e29452afccff3b7580ddeae6847d6b0916

PODFILE CHECKSUM: acc65ebbb3737e07f05a4b68359e2bbefcc86db4

COCOAPODS: 1.15.2
